<?xml version="1.0" encoding="utf-8"?>
<Project ToolsVersion="4.0" xmlns="http://schemas.microsoft.com/developer/msbuild/2003">
  <ItemGroup>
    <Filter Include="Source Files">
      <UniqueIdentifier>{4FC737F1-C7A5-4376-A066-2A32D752A2FF}</UniqueIdentifier>
      <Extensions>cpp;c;cc;cxx;c++;cppm;ixx;def;odl;idl;hpj;bat;asm;asmx</Extensions>
    </Filter>
    <Filter Include="Header Files">
      <UniqueIdentifier>{93995380-89BD-4b04-88EB-625FBE52EBFB}</UniqueIdentifier>
      <Extensions>h;hh;hpp;hxx;h++;hm;inl;inc;ipp;xsd</Extensions>
    </Filter>
    <Filter Include="Resource Files">
      <UniqueIdentifier>{67DA6AB6-F800-4c08-8B7A-83BB121AAD01}</UniqueIdentifier>
      <Extensions>rc;ico;cur;bmp;dlg;rc2;rct;bin;rgs;gif;jpg;jpeg;jpe;resx;tiff;tif;png;wav;mfcribbon-ms</Extensions>
    </Filter>
    <Filter Include="ImGUI">
      <UniqueIdentifier>{036377a5-d4a8-4847-8670-b58d531ec231}</UniqueIdentifier>
    </Filter>
    <Filter Include="states">
      <UniqueIdentifier>{cecacf1b-f02f-4760-bbd5-94fb88568951}</UniqueIdentifier>
    </Filter>
    <Filter Include="states\Header Files">
      <UniqueIdentifier>{4ac84b68-f962-489c-bc93-4819dccaf95c}</UniqueIdentifier>
    </Filter>
    <Filter Include="states\Source Files">
      <UniqueIdentifier>{64da95ed-9f7e-477e-ae03-fe29df1b3371}</UniqueIdentifier>
    </Filter>
    <Filter Include="Resource Files\Header Files">
      <UniqueIdentifier>{0ab112c3-cce8-409b-a199-6845c3930eb7}</UniqueIdentifier>
    </Filter>
    <Filter Include="Resource Files\Source Files">
      <UniqueIdentifier>{c2449f82-1818-4f53-ada5-f7e099f4d4fa}</UniqueIdentifier>
    </Filter>
    <Filter Include="Resource Files\Other">
      <UniqueIdentifier>{99781e73-3b32-465b-9bba-acc38b88e37e}</UniqueIdentifier>
    </Filter>
    <Filter Include="Objects">
      <UniqueIdentifier>{c76403f9-df3d-4b72-a245-edd0fc8af0ec}</UniqueIdentifier>
    </Filter>
    <Filter Include="Objects\entities">
      <UniqueIdentifier>{71405dd9-f412-415b-9bca-af7982af92ce}</UniqueIdentifier>
    </Filter>
    <Filter Include="Objects\entities\Header Files">
      <UniqueIdentifier>{4cdec82b-b800-4142-9d99-6fc0583f29ac}</UniqueIdentifier>
    </Filter>
    <Filter Include="Objects\entities\Source Files">
      <UniqueIdentifier>{2f1b14ed-9e0a-4025-b095-406cc0eeb0bc}</UniqueIdentifier>
    </Filter>
    <Filter Include="Objects\Header Files">
      <UniqueIdentifier>{de1f83da-e4a5-4fce-9e23-8343a23c7b76}</UniqueIdentifier>
    </Filter>
    <Filter Include="Objects\Source Files">
      <UniqueIdentifier>{aad22bb8-c569-4731-963e-c54e25d94d7f}</UniqueIdentifier>
    </Filter>
    <Filter Include="window">
      <UniqueIdentifier>{a52902c9-4fab-47e0-b2c8-c03efe3ebc51}</UniqueIdentifier>
    </Filter>
    <Filter Include="window\Header Files">
      <UniqueIdentifier>{c1f59b21-0aa7-48da-b278-f495b78c8d89}</UniqueIdentifier>
    </Filter>
    <Filter Include="window\Source Files">
      <UniqueIdentifier>{13144452-0e5a-4c8f-90e0-181fd7df047e}</UniqueIdentifier>
    </Filter>
  </ItemGroup>
  <ItemGroup>
    <ClCompile Include="main.cpp">
      <Filter>Source Files</Filter>
    </ClCompile>
    <ClCompile Include="ImGUI\imgui.cpp">
      <Filter>ImGUI</Filter>
    </ClCompile>
    <ClCompile Include="ImGUI\imgui_draw.cpp">
      <Filter>ImGUI</Filter>
    </ClCompile>
    <ClCompile Include="ImGUI\imgui_tables.cpp">
      <Filter>ImGUI</Filter>
    </ClCompile>
    <ClCompile Include="ImGUI\imgui_widgets.cpp">
      <Filter>ImGUI</Filter>
    </ClCompile>
    <ClCompile Include="ImGUI\imgui-SFML.cpp">
      <Filter>ImGUI</Filter>
    </ClCompile>
    <ClCompile Include="ImGUI\imgui_demo.cpp">
      <Filter>ImGUI</Filter>
    </ClCompile>
    <ClCompile Include="entity.cpp">
      <Filter>Objects\entities\Source Files</Filter>
    </ClCompile>
    <ClCompile Include="player.cpp">
      <Filter>Objects\entities\Source Files</Filter>
    </ClCompile>
    <ClCompile Include="quad.cpp">
      <Filter>Objects\entities\Source Files</Filter>
    </ClCompile>
    <ClCompile Include="triangle.cpp">
      <Filter>Objects\entities\Source Files</Filter>
    </ClCompile>
    <ClCompile Include="game.cpp">
      <Filter>states\Source Files</Filter>
    </ClCompile>
    <ClCompile Include="gui.cpp">
      <Filter>states\Source Files</Filter>
    </ClCompile>
    <ClCompile Include="resourceManager.cpp">
      <Filter>Resource Files\Source Files</Filter>
    </ClCompile>
    <ClCompile Include="stateSystem.cpp">
      <Filter>Resource Files\Source Files</Filter>
    </ClCompile>
    <ClCompile Include="ray.cpp">
      <Filter>Objects\Source Files</Filter>
    </ClCompile>
    <ClCompile Include="animation.cpp">
      <Filter>Resource Files\Source Files</Filter>
    </ClCompile>
    <ClCompile Include="world.cpp">
      <Filter>Objects\Source Files</Filter>
    </ClCompile>
    <ClCompile Include="window.cpp">
      <Filter>window\Source Files</Filter>
    </ClCompile>
    <ClCompile Include="circle.cpp">
      <Filter>Source Files</Filter>
    </ClCompile>
    <ClCompile Include="weapon.cpp">
      <Filter>Source Files</Filter>
    </ClCompile>
  </ItemGroup>
  <ItemGroup>
    <ClInclude Include="ImGUI\imconfig.h">
      <Filter>ImGUI</Filter>
    </ClInclude>
    <ClInclude Include="ImGUI\imconfig-SFML.h">
      <Filter>ImGUI</Filter>
    </ClInclude>
    <ClInclude Include="ImGUI\imgui.h">
      <Filter>ImGUI</Filter>
    </ClInclude>
    <ClInclude Include="ImGUI\imgui_internal.h">
      <Filter>ImGUI</Filter>
    </ClInclude>
    <ClInclude Include="ImGUI\imgui-SFML.h">
      <Filter>ImGUI</Filter>
    </ClInclude>
    <ClInclude Include="ImGUI\imgui-SFML_export.h">
      <Filter>ImGUI</Filter>
    </ClInclude>
    <ClInclude Include="ImGUI\imstb_rectpack.h">
      <Filter>ImGUI</Filter>
    </ClInclude>
    <ClInclude Include="ImGUI\imstb_textedit.h">
      <Filter>ImGUI</Filter>
    </ClInclude>
    <ClInclude Include="ImGUI\imstb_truetype.h">
      <Filter>ImGUI</Filter>
    </ClInclude>
    <ClInclude Include="entity.h">
      <Filter>Objects\entities\Header Files</Filter>
    </ClInclude>
    <ClInclude Include="player.h">
      <Filter>Objects\entities\Header Files</Filter>
    </ClInclude>
    <ClInclude Include="quad.h">
      <Filter>Objects\entities\Header Files</Filter>
    </ClInclude>
    <ClInclude Include="triangle.h">
      <Filter>Objects\entities\Header Files</Filter>
    </ClInclude>
    <ClInclude Include="gui.h">
      <Filter>states\Header Files</Filter>
    </ClInclude>
    <ClInclude Include="game.h">
      <Filter>states\Header Files</Filter>
    </ClInclude>
    <ClInclude Include="stateSystem.h">
      <Filter>Resource Files\Header Files</Filter>
    </ClInclude>
    <ClInclude Include="resourceManager.h">
      <Filter>Resource Files\Header Files</Filter>
    </ClInclude>
    <ClInclude Include="ray.h">
      <Filter>Objects\Header Files</Filter>
    </ClInclude>
    <ClInclude Include="animation.h">
      <Filter>Resource Files\Header Files</Filter>
    </ClInclude>
    <ClInclude Include="world.h">
      <Filter>Objects\Header Files</Filter>
    </ClInclude>
    <ClInclude Include="window.h">
      <Filter>window\Header Files</Filter>
    </ClInclude>
    <ClInclude Include="circle.h">
      <Filter>Header Files</Filter>
    </ClInclude>
    <ClInclude Include="weapon.h">
      <Filter>Header Files</Filter>
    </ClInclude>
  </ItemGroup>
  <ItemGroup>
    <Image Include="res\wolftextures.png">
      <Filter>Resource Files\Other</Filter>
    </Image>
  </ItemGroup>
</Project>